
Microsoft Visual Studio Solution File, Format Version 12.00
# Visual Studio 15
VisualStudioVersion = 15.0.27428.2002
MinimumVisualStudioVersion = 10.0.40219.1
Project("{FAE04EC0-301F-11D3-BF4B-00C04F79EFBC}") = "NotificationGitHub", "NotificationGitHub\NotificationGitHub.csproj", "{AC5C96B0-AE03-4628-B791-4D1AD78C50FD}"
EndProject
Global
	GlobalSection(SolutionConfigurationPlatforms) = preSolution
		Debug|Any CPU = Debug|Any CPU
		Release|Any CPU = Release|Any CPU
	EndGlobalSection
	GlobalSection(ProjectConfigurationPlatforms) = postSolution
		{AC5C96B0-AE03-4628-B791-4D1AD78C50FD}.Debug|Any CPU.ActiveCfg = Debug|Any CPU
		{AC5C96B0-AE03-4628-B791-4D1AD78C50FD}.Debug|Any CPU.Build.0 = Debug|Any CPU
		{AC5C96B0-AE03-4628-B791-4D1AD78C50FD}.Release|Any CPU.ActiveCfg = Release|Any CPU
		{AC5C96B0-AE03-4628-B791-4D1AD78C50FD}.Release|Any CPU.Build.0 = Release|Any CPU
	EndGlobalSection
	GlobalSection(SolutionProperties) = preSolution
		HideSolutionNode = FALSE
	EndGlobalSection
	GlobalSection(ExtensibilityGlobals) = postSolution
		SolutionGuid = {833D9964-29E0-419A-82A7-F127B654DB45}
	EndGlobalSection
EndGlobal
